
Microsoft Visual Studio Solution File, Format Version 12.00
Project("{FAE04EC0-301F-11D3-BF4B-00C04F79EFBC}") = "Domain", "Domain\Domain.csproj", "{B49FE4DC-871B-42A4-9150-6278A47486CB}"
EndProject
Project("{FAE04EC0-301F-11D3-BF4B-00C04F79EFBC}") = "WebAPI", "WebAPI\WebAPI.csproj", "{738ABB3E-63FB-41BB-857B-EF5382DB6147}"
EndProject
Project("{FAE04EC0-301F-11D3-BF4B-00C04F79EFBC}") = "Application", "Application\Application.csproj", "{934C0251-C39F-4886-A1A3-A68CA82F06BF}"
EndProject
Project("{FAE04EC0-301F-11D3-BF4B-00C04F79EFBC}") = "FileData", "FileData\FileData.csproj", "{6F3124F4-E23F-4182-81D9-6F3DD863AD97}"
EndProject
Project("{FAE04EC0-301F-11D3-BF4B-00C04F79EFBC}") = "BlazorWASM", "BlazorWASM\BlazorWASM.csproj", "{C955101C-22C9-4491-904E-C5CBAB3F4985}"
EndProject
Project("{FAE04EC0-301F-11D3-BF4B-00C04F79EFBC}") = "HttpClients", "HttpClients\HttpClients.csproj", "{8230CBFE-A652-4E4E-8D66-C158B9ADA52B}"
EndProject
Global
	GlobalSection(SolutionConfigurationPlatforms) = preSolution
		Debug|Any CPU = Debug|Any CPU
		Release|Any CPU = Release|Any CPU
	EndGlobalSection
	GlobalSection(ProjectConfigurationPlatforms) = postSolution
		{B49FE4DC-871B-42A4-9150-6278A47486CB}.Debug|Any CPU.ActiveCfg = Debug|Any CPU
		{B49FE4DC-871B-42A4-9150-6278A47486CB}.Debug|Any CPU.Build.0 = Debug|Any CPU
		{B49FE4DC-871B-42A4-9150-6278A47486CB}.Release|Any CPU.ActiveCfg = Release|Any CPU
		{B49FE4DC-871B-42A4-9150-6278A47486CB}.Release|Any CPU.Build.0 = Release|Any CPU
		{738ABB3E-63FB-41BB-857B-EF5382DB6147}.Debug|Any CPU.ActiveCfg = Debug|Any CPU
		{738ABB3E-63FB-41BB-857B-EF5382DB6147}.Debug|Any CPU.Build.0 = Debug|Any CPU
		{738ABB3E-63FB-41BB-857B-EF5382DB6147}.Release|Any CPU.ActiveCfg = Release|Any CPU
		{738ABB3E-63FB-41BB-857B-EF5382DB6147}.Release|Any CPU.Build.0 = Release|Any CPU
		{934C0251-C39F-4886-A1A3-A68CA82F06BF}.Debug|Any CPU.ActiveCfg = Debug|Any CPU
		{934C0251-C39F-4886-A1A3-A68CA82F06BF}.Debug|Any CPU.Build.0 = Debug|Any CPU
		{934C0251-C39F-4886-A1A3-A68CA82F06BF}.Release|Any CPU.ActiveCfg = Release|Any CPU
		{934C0251-C39F-4886-A1A3-A68CA82F06BF}.Release|Any CPU.Build.0 = Release|Any CPU
		{6F3124F4-E23F-4182-81D9-6F3DD863AD97}.Debug|Any CPU.ActiveCfg = Debug|Any CPU
		{6F3124F4-E23F-4182-81D9-6F3DD863AD97}.Debug|Any CPU.Build.0 = Debug|Any CPU
		{6F3124F4-E23F-4182-81D9-6F3DD863AD97}.Release|Any CPU.ActiveCfg = Release|Any CPU
		{6F3124F4-E23F-4182-81D9-6F3DD863AD97}.Release|Any CPU.Build.0 = Release|Any CPU
		{C955101C-22C9-4491-904E-C5CBAB3F4985}.Debug|Any CPU.ActiveCfg = Debug|Any CPU
		{C955101C-22C9-4491-904E-C5CBAB3F4985}.Debug|Any CPU.Build.0 = Debug|Any CPU
		{C955101C-22C9-4491-904E-C5CBAB3F4985}.Release|Any CPU.ActiveCfg = Release|Any CPU
		{C955101C-22C9-4491-904E-C5CBAB3F4985}.Release|Any CPU.Build.0 = Release|Any CPU
		{8230CBFE-A652-4E4E-8D66-C158B9ADA52B}.Debug|Any CPU.ActiveCfg = Debug|Any CPU
		{8230CBFE-A652-4E4E-8D66-C158B9ADA52B}.Debug|Any CPU.Build.0 = Debug|Any CPU
		{8230CBFE-A652-4E4E-8D66-C158B9ADA52B}.Release|Any CPU.ActiveCfg = Release|Any CPU
		{8230CBFE-A652-4E4E-8D66-C158B9ADA52B}.Release|Any CPU.Build.0 = Release|Any CPU
	EndGlobalSection
EndGlobal
